
Microsoft Visual Studio Solution File, Format Version 11.00
# Visual Studio 2010
Project("{8BC9CEB8-8B4A-11D0-8D11-00A0C91BC942}") = "Projection compensation", "Projection compensation\Projection compensation.vcxproj", "{87EDFD46-7D15-4A82-8C11-A93DFF7F10A6}"
EndProject
Global
	GlobalSection(SolutionConfigurationPlatforms) = preSolution
		Debug|Win32 = Debug|Win32
		Release|Win32 = Release|Win32
	EndGlobalSection
	GlobalSection(ProjectConfigurationPlatforms) = postSolution
		{87EDFD46-7D15-4A82-8C11-A93DFF7F10A6}.Debug|Win32.ActiveCfg = Debug|Win32
		{87EDFD46-7D15-4A82-8C11-A93DFF7F10A6}.Debug|Win32.Build.0 = Debug|Win32
		{87EDFD46-7D15-4A82-8C11-A93DFF7F10A6}.Release|Win32.ActiveCfg = Release|Win32
		{87EDFD46-7D15-4A82-8C11-A93DFF7F10A6}.Release|Win32.Build.0 = Release|Win32
	EndGlobalSection
	GlobalSection(SolutionProperties) = preSolution
		HideSolutionNode = FALSE
	EndGlobalSection
EndGlobal
